
Microsoft Visual Studio Solution File, Format Version 12.00
# Visual Studio 15
VisualStudioVersion = 15.0.28307.705
MinimumVisualStudioVersion = 10.0.40219.1
Project("{FAE04EC0-301F-11D3-BF4B-00C04F79EFBC}") = "A3SahijSanghara", "A3SahijSanghara\A3SahijSanghara.csproj", "{40A209F4-8480-4105-B9BF-25F044CF54B7}"
EndProject
Global
	GlobalSection(SolutionConfigurationPlatforms) = preSolution
		Debug|Any CPU = Debug|Any CPU
		Release|Any CPU = Release|Any CPU
	EndGlobalSection
	GlobalSection(ProjectConfigurationPlatforms) = postSolution
		{40A209F4-8480-4105-B9BF-25F044CF54B7}.Debug|Any CPU.ActiveCfg = Debug|Any CPU
		{40A209F4-8480-4105-B9BF-25F044CF54B7}.Debug|Any CPU.Build.0 = Debug|Any CPU
		{40A209F4-8480-4105-B9BF-25F044CF54B7}.Release|Any CPU.ActiveCfg = Release|Any CPU
		{40A209F4-8480-4105-B9BF-25F044CF54B7}.Release|Any CPU.Build.0 = Release|Any CPU
	EndGlobalSection
	GlobalSection(SolutionProperties) = preSolution
		HideSolutionNode = FALSE
	EndGlobalSection
	GlobalSection(ExtensibilityGlobals) = postSolution
		SolutionGuid = {6838E1FB-358D-465B-9C8A-5CC93F72FB17}
	EndGlobalSection
EndGlobal
